
Microsoft Visual Studio Solution File, Format Version 12.00
# Visual Studio Version 16
VisualStudioVersion = 16.0.30517.126
MinimumVisualStudioVersion = 10.0.40219.1
Project("{9A19103F-16F7-4668-BE54-9A1E7A4F7556}") = "SalesDiego.Api", "SalesDiego.Api\SalesDiego.Api.csproj", "{BCAEA91B-0A29-4B40-AEDD-B109735C2F42}"
EndProject
Project("{FAE04EC0-301F-11D3-BF4B-00C04F79EFBC}") = "SalesDiego.Web", "SalesDiego.Web\SalesDiego.Web.csproj", "{2A647737-E1FB-4FA6-8A4D-56C01BA5D36C}"
EndProject
Global
	GlobalSection(SolutionConfigurationPlatforms) = preSolution
		Debug|Any CPU = Debug|Any CPU
		Release|Any CPU = Release|Any CPU
	EndGlobalSection
	GlobalSection(ProjectConfigurationPlatforms) = postSolution
		{BCAEA91B-0A29-4B40-AEDD-B109735C2F42}.Debug|Any CPU.ActiveCfg = Debug|Any CPU
		{BCAEA91B-0A29-4B40-AEDD-B109735C2F42}.Debug|Any CPU.Build.0 = Debug|Any CPU
		{BCAEA91B-0A29-4B40-AEDD-B109735C2F42}.Release|Any CPU.ActiveCfg = Release|Any CPU
		{BCAEA91B-0A29-4B40-AEDD-B109735C2F42}.Release|Any CPU.Build.0 = Release|Any CPU
		{2A647737-E1FB-4FA6-8A4D-56C01BA5D36C}.Debug|Any CPU.ActiveCfg = Debug|Any CPU
		{2A647737-E1FB-4FA6-8A4D-56C01BA5D36C}.Debug|Any CPU.Build.0 = Debug|Any CPU
		{2A647737-E1FB-4FA6-8A4D-56C01BA5D36C}.Release|Any CPU.ActiveCfg = Release|Any CPU
		{2A647737-E1FB-4FA6-8A4D-56C01BA5D36C}.Release|Any CPU.Build.0 = Release|Any CPU
	EndGlobalSection
	GlobalSection(SolutionProperties) = preSolution
		HideSolutionNode = FALSE
	EndGlobalSection
	GlobalSection(ExtensibilityGlobals) = postSolution
		SolutionGuid = {9D2DD669-8046-42B5-8FA5-1ABC4BF32300}
	EndGlobalSection
EndGlobal
